# This file is automatically @generated by Wally.
# It is not intended for manual editing.
registry = "test"

[[package]]
name = "daily3014/cryptography"
version = "1.11.0"
dependencies = []

[[package]]
name = "shunnedreality/simpleab"
version = "0.1.0"
dependencies = [["cryptography", "daily3014/cryptography@1.11.0"]]
